
Microsoft Visual Studio Solution File, Format Version 12.00
# Visual Studio 14
VisualStudioVersion = 14.0.25420.1
MinimumVisualStudioVersion = 10.0.40219.1
Project("{8BC9CEB8-8B4A-11D0-8D11-00A0C91BC942}") = "CppWrapperForBuiltInTypes", "CppWrapperForBuiltInTypes.vcxproj", "{87536992-B8D7-429C-8567-9D2E1D0B9740}"
EndProject
Project("{8BC9CEB8-8B4A-11D0-8D11-00A0C91BC942}") = "Test", "Test.vcxproj", "{061DC53E-6263-4F13-8FD0-0DEF614A5A0D}"
	ProjectSection(ProjectDependencies) = postProject
		{87536992-B8D7-429C-8567-9D2E1D0B9740} = {87536992-B8D7-429C-8567-9D2E1D0B9740}
	EndProjectSection
EndProject
Global
	GlobalSection(SolutionConfigurationPlatforms) = preSolution
		Debug|x64 = Debug|x64
		Debug|x86 = Debug|x86
		Release|x64 = Release|x64
		Release|x86 = Release|x86
	EndGlobalSection
	GlobalSection(ProjectConfigurationPlatforms) = postSolution
		{87536992-B8D7-429C-8567-9D2E1D0B9740}.Debug|x64.ActiveCfg = Debug|x64
		{87536992-B8D7-429C-8567-9D2E1D0B9740}.Debug|x64.Build.0 = Debug|x64
		{87536992-B8D7-429C-8567-9D2E1D0B9740}.Debug|x86.ActiveCfg = Debug|Win32
		{87536992-B8D7-429C-8567-9D2E1D0B9740}.Debug|x86.Build.0 = Debug|Win32
		{87536992-B8D7-429C-8567-9D2E1D0B9740}.Release|x64.ActiveCfg = Release|x64
		{87536992-B8D7-429C-8567-9D2E1D0B9740}.Release|x64.Build.0 = Release|x64
		{87536992-B8D7-429C-8567-9D2E1D0B9740}.Release|x86.ActiveCfg = Release|Win32
		{87536992-B8D7-429C-8567-9D2E1D0B9740}.Release|x86.Build.0 = Release|Win32
		{061DC53E-6263-4F13-8FD0-0DEF614A5A0D}.Debug|x64.ActiveCfg = Debug|x64
		{061DC53E-6263-4F13-8FD0-0DEF614A5A0D}.Debug|x64.Build.0 = Debug|x64
		{061DC53E-6263-4F13-8FD0-0DEF614A5A0D}.Debug|x86.ActiveCfg = Debug|Win32
		{061DC53E-6263-4F13-8FD0-0DEF614A5A0D}.Debug|x86.Build.0 = Debug|Win32
		{061DC53E-6263-4F13-8FD0-0DEF614A5A0D}.Release|x64.ActiveCfg = Release|x64
		{061DC53E-6263-4F13-8FD0-0DEF614A5A0D}.Release|x64.Build.0 = Release|x64
		{061DC53E-6263-4F13-8FD0-0DEF614A5A0D}.Release|x86.ActiveCfg = Release|Win32
		{061DC53E-6263-4F13-8FD0-0DEF614A5A0D}.Release|x86.Build.0 = Release|Win32
	EndGlobalSection
	GlobalSection(SolutionProperties) = preSolution
		HideSolutionNode = FALSE
	EndGlobalSection
EndGlobal
